
Microsoft Visual Studio Solution File, Format Version 12.00
# Visual Studio Version 16
VisualStudioVersion = 16.0.31613.86
MinimumVisualStudioVersion = 10.0.40219.1
Project("{FAE04EC0-301F-11D3-BF4B-00C04F79EFBC}") = "interfece", "interfece\interfece.csproj", "{C1CEDD20-BC37-4937-8CF8-6A02C3133A50}"
EndProject
Global
	GlobalSection(SolutionConfigurationPlatforms) = preSolution
		Debug|Any CPU = Debug|Any CPU
		Release|Any CPU = Release|Any CPU
	EndGlobalSection
	GlobalSection(ProjectConfigurationPlatforms) = postSolution
		{C1CEDD20-BC37-4937-8CF8-6A02C3133A50}.Debug|Any CPU.ActiveCfg = Debug|Any CPU
		{C1CEDD20-BC37-4937-8CF8-6A02C3133A50}.Debug|Any CPU.Build.0 = Debug|Any CPU
		{C1CEDD20-BC37-4937-8CF8-6A02C3133A50}.Release|Any CPU.ActiveCfg = Release|Any CPU
		{C1CEDD20-BC37-4937-8CF8-6A02C3133A50}.Release|Any CPU.Build.0 = Release|Any CPU
	EndGlobalSection
	GlobalSection(SolutionProperties) = preSolution
		HideSolutionNode = FALSE
	EndGlobalSection
	GlobalSection(ExtensibilityGlobals) = postSolution
		SolutionGuid = {551349CC-E274-4D86-AE81-3C1DABC50A10}
	EndGlobalSection
EndGlobal
